// !$*UTF8*$!
{
	archiveVersion = 1;
	classes = {
	};
	objectVersion = 50;
	objects = {

/* Begin PBXBuildFile section */
		A3B8215126D693A5004A6594 /* AppDelegate.swift in Sources */ = {isa = PBXBuildFile; fileRef = A3B8215026D693A5004A6594 /* AppDelegate.swift */; };
		A3B8215326D693A5004A6594 /* SceneDelegate.swift in Sources */ = {isa = PBXBuildFile; fileRef = A3B8215226D693A5004A6594 /* SceneDelegate.swift */; };
		A3B8215526D693A5004A6594 /* ViewController.swift in Sources */ = {isa = PBXBuildFile; fileRef = A3B8215426D693A5004A6594 /* ViewController.swift */; };
		A3B8215826D693A5004A6594 /* Main.storyboard in Resources */ = {isa = PBXBuildFile; fileRef = A3B8215626D693A5004A6594 /* Main.storyboard */; };
		A3B8215A26D693A7004A6594 /* Assets.xcassets in Resources */ = {isa = PBXBuildFile; fileRef = A3B8215926D693A7004A6594 /* Assets.xcassets */; };
		A3B8215D26D693A7004A6594 /* LaunchScreen.storyboard in Resources */ = {isa = PBXBuildFile; fileRef = A3B8215B26D693A7004A6594 /* LaunchScreen.storyboard */; };
		A3B8216826D693A7004A6594 /* LightTests.swift in Sources */ = {isa = PBXBuildFile; fileRef = A3B8216726D693A7004A6594 /* LightTests.swift */; };
		A3B8217326D693A7004A6594 /* LightUITests.swift in Sources */ = {isa = PBXBuildFile; fileRef = A3B8217226D693A7004A6594 /* LightUITests.swift */; };
/* End PBXBuildFile section */

/* Begin PBXContainerItemProxy section */
		A3B8216426D693A7004A6594 /* PBXContainerItemProxy */ = {
			isa = PBXContainerItemProxy;
			containerPortal = A3B8214526D693A5004A6594 /* Project object */;
			proxyType = 1;
			remoteGlobalIDString = A3B8214C26D693A5004A6594;
			remoteInfo = Light;
		};
		A3B8216F26D693A7004A6594 /* PBXContainerItemProxy */ = {
			isa = PBXContainerItemProxy;
			containerPortal = A3B8214526D693A5004A6594 /* Project object */;
			proxyType = 1;
			remoteGlobalIDString = A3B8214C26D693A5004A6594;
			remoteInfo = Light;
		};
/* End PBXContainerItemProxy section */

/* Begin PBXFileReference section */
		A3B8214D26D693A5004A6594 /* Light.app */ = {isa = PBXFileReference; explicitFileType = wrapper.application; includeInIndex = 0; path = Light.app; sourceTree = BUILT_PRODUCTS_DIR; };
		A3B8215026D693A5004A6594 /* AppDelegate.swift */ = {isa = PBXFileReference; lastKnownFileType = sourcecode.swift; path = AppDelegate.swift; sourceTree = "<group>"; };
		A3B8215226D693A5004A6594 /* SceneDelegate.swift */ = {isa = PBXFileReference; lastKnownFileType = sourcecode.swift; path = SceneDelegate.swift; sourceTree = "<group>"; };
		A3B8215426D693A5004A6594 /* ViewController.swift */ = {isa = PBXFileReference; lastKnownFileType = sourcecode.swift; path = ViewController.swift; sourceTree = "<group>"; };
		A3B8215726D693A5004A6594 /* Base */ = {isa = PBXFileReference; lastKnownFileType = file.storyboard; name = Base; path = Base.lproj/Main.storyboard; sourceTree = "<group>"; };
		A3B8215926D693A7004A6594 /* Assets.xcassets */ = {isa = PBXFileReference; lastKnownFileType = folder.assetcatalog; path = Assets.xcassets; sourceTree = "<group>"; };
		A3B8215C26D693A7004A6594 /* Base */ = {isa = PBXFileReference; lastKnownFileType = file.storyboard; name = Base; path = Base.lproj/LaunchScreen.storyboard; sourceTree = "<group>"; };
		A3B8215E26D693A7004A6594 /* Info.plist */ = {isa = PBXFileReference; lastKnownFileType = text.plist.xml; path = Info.plist; sourceTree = "<group>"; };
		A3B8216326D693A7004A6594 /* LightTests.xctest */ = {isa = PBXFileReference; explicitFileType = wrapper.cfbundle; includeInIndex = 0; path = LightTests.xctest; sourceTree = BUILT_PRODUCTS_DIR; };
		A3B8216726D693A7004A6594 /* LightTests.swift */ = {isa = PBXFileReference; lastKnownFileType = sourcecode.swift; path = LightTests.swift; sourceTree = "<group>"; };
		A3B8216926D693A7004A6594 /* Info.plist */ = {isa = PBXFileReference; lastKnownFileType = text.plist.xml; path = Info.plist; sourceTree = "<group>"; };
		A3B8216E26D693A7004A6594 /* LightUITests.xctest */ = {isa = PBXFileReference; explicitFileType = wrapper.cfbundle; includeInIndex = 0; path = LightUITests.xctest; sourceTree = BUILT_PRODUCTS_DIR; };
		A3B8217226D693A7004A6594 /* LightUITests.swift */ = {isa = PBXFileReference; lastKnownFileType = sourcecode.swift; path = LightUITests.swift; sourceTree = "<group>"; };
		A3B8217426D693A7004A6594 /* Info.plist */ = {isa = PBXFileReference; lastKnownFileType = text.plist.xml; path = Info.plist; sourceTree = "<group>"; };
/* End PBXFileReference section */

/* Begin PBXFrameworksBuildPhase section */
		A3B8214A26D693A5004A6594 /* Frameworks */ = {
			isa = PBXFrameworksBuildPhase;
			buildActionMask = 2147483647;
			files = (
			);
			runOnlyForDeploymentPostprocessing = 0;
		};
		A3B8216026D693A7004A6594 /* Frameworks */ = {
			isa = PBXFrameworksBuildPhase;
			buildActionMask = 2147483647;
			files = (
			);
			runOnlyForDeploymentPostprocessing = 0;
		};
		A3B8216B26D693A7004A6594 /* Frameworks */ = {
			isa = PBXFrameworksBuildPhase;
			buildActionMask = 2147483647;
			files = (
			);
			runOnlyForDeploymentPostprocessing = 0;
		};
/* End PBXFrameworksBuildPhase section */

/* Begin PBXGroup section */
		A3B8214426D693A5004A6594 = {
			isa = PBXGroup;
			children = (
				A3B8214F26D693A5004A6594 /* Light */,
				A3B8216626D693A7004A6594 /* LightTests */,
				A3B8217126D693A7004A6594 /* LightUITests */,
				A3B8214E26D693A5004A6594 /* Products */,
			);
			sourceTree = "<group>";
		};
		A3B8214E26D693A5004A6594 /* Products */ = {
			isa = PBXGroup;
			children = (
				A3B8214D26D693A5004A6594 /* Light.app */,
				A3B8216326D693A7004A6594 /* LightTests.xctest */,
				A3B8216E26D693A7004A6594 /* LightUITests.xctest */,
			);
			name = Products;
			sourceTree = "<group>";
		};
		A3B8214F26D693A5004A6594 /* Light */ = {
			isa = PBXGroup;
			children = (
				A3B8215026D693A5004A6594 /* AppDelegate.swift */,
				A3B8215226D693A5004A6594 /* SceneDelegate.swift */,
				A3B8215426D693A5004A6594 /* ViewController.swift */,
				A3B8215626D693A5004A6594 /* Main.storyboard */,
				A3B8215926D693A7004A6594 /* Assets.xcassets */,
				A3B8215B26D693A7004A6594 /* LaunchScreen.storyboard */,
				A3B8215E26D693A7004A6594 /* Info.plist */,
			);
			path = Light;
			sourceTree = "<group>";
		};
		A3B8216626D693A7004A6594 /* LightTests */ = {
			isa = PBXGroup;
			children = (
				A3B8216726D693A7004A6594 /* LightTests.swift */,
				A3B8216926D693A7004A6594 /* Info.plist */,
			);
			path = LightTests;
			sourceTree = "<group>";
		};
		A3B8217126D693A7004A6594 /* LightUITests */ = {
			isa = PBXGroup;
			children = (
				A3B8217226D693A7004A6594 /* LightUITests.swift */,
				A3B8217426D693A7004A6594 /* Info.plist */,
			);
			path = LightUITests;
			sourceTree = "<group>";
		};
/* End PBXGroup section */

/* Begin PBXNativeTarget section */
		A3B8214C26D693A5004A6594 /* Light */ = {
			isa = PBXNativeTarget;
			buildConfigurationList = A3B8217726D693A7004A6594 /* Build configuration list for PBXNativeTarget "Light" */;
			buildPhases = (
				A3B8214926D693A5004A6594 /* Sources */,
				A3B8214A26D693A5004A6594 /* Frameworks */,
				A3B8214B26D693A5004A6594 /* Resources */,
			);
			buildRules = (
			);
			dependencies = (
			);
			name = Light;
			productName = Light;
			productReference = A3B8214D26D693A5004A6594 /* Light.app */;
			productType = "com.apple.product-type.application";
		};
		A3B8216226D693A7004A6594 /* LightTests */ = {
			isa = PBXNativeTarget;
			buildConfigurationList = A3B8217A26D693A7004A6594 /* Build configuration list for PBXNativeTarget "LightTests" */;
			buildPhases = (
				A3B8215F26D693A7004A6594 /* Sources */,
				A3B8216026D693A7004A6594 /* Frameworks */,
				A3B8216126D693A7004A6594 /* Resources */,
			);
			buildRules = (
			);
			dependencies = (
				A3B8216526D693A7004A6594 /* PBXTargetDependency */,
			);
			name = LightTests;
			productName = LightTests;
			productReference = A3B8216326D693A7004A6594 /* LightTests.xctest */;
			productType = "com.apple.product-type.bundle.unit-test";
		};
		A3B8216D26D693A7004A6594 /* LightUITests */ = {
			isa = PBXNativeTarget;
			buildConfigurationList = A3B8217D26D693A7004A6594 /* Build configuration list for PBXNativeTarget "LightUITests" */;
			buildPhases = (
				A3B8216A26D693A7004A6594 /* Sources */,
				A3B8216B26D693A7004A6594 /* Frameworks */,
				A3B8216C26D693A7004A6594 /* Resources */,
			);
			buildRules = (
			);
			dependencies = (
				A3B8217026D693A7004A6594 /* PBXTargetDependency */,
			);
			name = LightUITests;
			productName = LightUITests;
			productReference = A3B8216E26D693A7004A6594 /* LightUITests.xctest */;
			productType = "com.apple.product-type.bundle.ui-testing";
		};
/* End PBXNativeTarget section */

/* Begin PBXProject section */
		A3B8214526D693A5004A6594 /* Project object */ = {
			isa = PBXProject;
			attributes = {
				LastSwiftUpdateCheck = 1250;
				LastUpgradeCheck = 1250;
				TargetAttributes = {
					A3B8214C26D693A5004A6594 = {
						CreatedOnToolsVersion = 12.5.1;
					};
					A3B8216226D693A7004A6594 = {
						CreatedOnToolsVersion = 12.5.1;
						TestTargetID = A3B8214C26D693A5004A6594;
					};
					A3B8216D26D693A7004A6594 = {
						CreatedOnToolsVersion = 12.5.1;
						TestTargetID = A3B8214C26D693A5004A6594;
					};
				};
			};
			buildConfigurationList = A3B8214826D693A5004A6594 /* Build configuration list for PBXProject "Light" */;
			compatibilityVersion = "Xcode 9.3";
			developmentRegion = en;
			hasScannedForEncodings = 0;
			knownRegions = (
				en,
				Base,
			);
			mainGroup = A3B8214426D693A5004A6594;
			productRefGroup = A3B8214E26D693A5004A6594 /* Products */;
			projectDirPath = "";
			projectRoot = "";
			targets = (
				A3B8214C26D693A5004A6594 /* Light */,
				A3B8216226D693A7004A6594 /* LightTests */,
				A3B8216D26D693A7004A6594 /* LightUITests */,
			);
		};
/* End PBXProject section */

/* Begin PBXResourcesBuildPhase section */
		A3B8214B26D693A5004A6594 /* Resources */ = {
			isa = PBXResourcesBuildPhase;
			buildActionMask = 2147483647;
			files = (
				A3B8215D26D693A7004A6594 /* LaunchScreen.storyboard in Resources */,
				A3B8215A26D693A7004A6594 /* Assets.xcassets in Resources */,
				A3B8215826D693A5004A6594 /* Main.storyboard in Resources */,
			);
			runOnlyForDeploymentPostprocessing = 0;
		};
		A3B8216126D693A7004A6594 /* Resources */ = {
			isa = PBXResourcesBuildPhase;
			buildActionMask = 2147483647;
			files = (
			);
			runOnlyForDeploymentPostprocessing = 0;
		};
		A3B8216C26D693A7004A6594 /* Resources */ = {
			isa = PBXResourcesBuildPhase;
			buildActionMask = 2147483647;
			files = (
			);
			runOnlyForDeploymentPostprocessing = 0;
		};
/* End PBXResourcesBuildPhase section */

/* Begin PBXSourcesBuildPhase section */
		A3B8214926D693A5004A6594 /* Sources */ = {
			isa = PBXSourcesBuildPhase;
			buildActionMask = 2147483647;
			files = (
				A3B8215526D693A5004A6594 /* ViewController.swift in Sources */,
				A3B8215126D693A5004A6594 /* AppDelegate.swift in Sources */,
				A3B8215326D693A5004A6594 /* SceneDelegate.swift in Sources */,
			);
			runOnlyForDeploymentPostprocessing = 0;
		};
		A3B8215F26D693A7004A6594 /* Sources */ = {
			isa = PBXSourcesBuildPhase;
			buildActionMask = 2147483647;
			files = (
				A3B8216826D693A7004A6594 /* LightTests.swift in Sources */,
			);
			runOnlyForDeploymentPostprocessing = 0;
		};
		A3B8216A26D693A7004A6594 /* Sources */ = {
			isa = PBXSourcesBuildPhase;
			buildActionMask = 2147483647;
			files = (
				A3B8217326D693A7004A6594 /* LightUITests.swift in Sources */,
			);
			runOnlyForDeploymentPostprocessing = 0;
		};
/* End PBXSourcesBuildPhase section */

/* Begin PBXTargetDependency section */
		A3B8216526D693A7004A6594 /* PBXTargetDependency */ = {
			isa = PBXTargetDependency;
			target = A3B8214C26D693A5004A6594 /* Light */;
			targetProxy = A3B8216426D693A7004A6594 /* PBXContainerItemProxy */;
		};
		A3B8217026D693A7004A6594 /* PBXTargetDependency */ = {
			isa = PBXTargetDependency;
			target = A3B8214C26D693A5004A6594 /* Light */;
			targetProxy = A3B8216F26D693A7004A6594 /* PBXContainerItemProxy */;
		};
/* End PBXTargetDependency section */

/* Begin PBXVariantGroup section */
		A3B8215626D693A5004A6594 /* Main.storyboard */ = {
			isa = PBXVariantGroup;
			children = (
				A3B8215726D693A5004A6594 /* Base */,
			);
			name = Main.storyboard;
			sourceTree = "<group>";
		};
		A3B8215B26D693A7004A6594 /* LaunchScreen.storyboard */ = {
			isa = PBXVariantGroup;
			children = (
				A3B8215C26D693A7004A6594 /* Base */,
			);
			name = LaunchScreen.storyboard;
			sourceTree = "<group>";
		};
/* End PBXVariantGroup section */

/* Begin XCBuildConfiguration section */
		A3B8217526D693A7004A6594 /* Debug */ = {
			isa = XCBuildConfiguration;
			buildSettings = {
				ALWAYS_SEARCH_USER_PATHS = NO;
				CLANG_ANALYZER_NONNULL = YES;
				CLANG_ANALYZER_NUMBER_OBJECT_CONVERSION = YES_AGGRESSIVE;
				CLANG_CXX_LANGUAGE_STANDARD = "gnu++14";
				CLANG_CXX_LIBRARY = "libc++";
				CLANG_ENABLE_MODULES = YES;
				CLANG_ENABLE_OBJC_ARC = YES;
				CLANG_ENABLE_OBJC_WEAK = YES;
				CLANG_WARN_BLOCK_CAPTURE_AUTORELEASING = YES;
				CLANG_WARN_BOOL_CONVERSION = YES;
				CLANG_WARN_COMMA = YES;
				CLANG_WARN_CONSTANT_CONVERSION = YES;
				CLANG_WARN_DEPRECATED_OBJC_IMPLEMENTATIONS = YES;
				CLANG_WARN_DIRECT_OBJC_ISA_USAGE = YES_ERROR;
				CLANG_WARN_DOCUMENTATION_COMMENTS = YES;
				CLANG_WARN_EMPTY_BODY = YES;
				CLANG_WARN_ENUM_CONVERSION = YES;
				CLANG_WARN_INFINITE_RECURSION = YES;
				CLANG_WARN_INT_CONVERSION = YES;
				CLANG_WARN_NON_LITERAL_NULL_CONVERSION = YES;
				CLANG_WARN_OBJC_IMPLICIT_RETAIN_SELF = YES;
				CLANG_WARN_OBJC_LITERAL_CONVERSION = YES;
				CLANG_WARN_OBJC_ROOT_CLASS = YES_ERROR;
				CLANG_WARN_QUOTED_INCLUDE_IN_FRAMEWORK_HEADER = YES;
				CLANG_WARN_RANGE_LOOP_ANALYSIS = YES;
				CLANG_WARN_STRICT_PROTOTYPES = YES;
				CLANG_WARN_SUSPICIOUS_MOVE = YES;
				CLANG_WARN_UNGUARDED_AVAILABILITY = YES_AGGRESSIVE;
				CLANG_WARN_UNREACHABLE_CODE = YES;
				CLANG_WARN__DUPLICATE_METHOD_MATCH = YES;
				COPY_PHASE_STRIP = NO;
				DEBUG_INFORMATION_FORMAT = dwarf;
				ENABLE_STRICT_OBJC_MSGSEND = YES;
				ENABLE_TESTABILITY = YES;
				GCC_C_LANGUAGE_STANDARD = gnu11;
				GCC_DYNAMIC_NO_PIC = NO;
				GCC_NO_COMMON_BLOCKS = YES;
				GCC_OPTIMIZATION_LEVEL = 0;
				GCC_PREPROCESSOR_DEFINITIONS = (
					"DEBUG=1",
					"$(inherited)",
				);
				GCC_WARN_64_TO_32_BIT_CONVERSION = YES;
				GCC_WARN_ABOUT_RETURN_TYPE = YES_ERROR;
				GCC_WARN_UNDECLARED_SELECTOR = YES;
				GCC_WARN_UNINITIALIZED_AUTOS = YES_AGGRESSIVE;
				GCC_WARN_UNUSED_FUNCTION = YES;
				GCC_WARN_UNUSED_VARIABLE = YES;
				IPHONEOS_DEPLOYMENT_TARGET = 14.5;
				MTL_ENABLE_DEBUG_INFO = INCLUDE_SOURCE;
				MTL_FAST_MATH = YES;
				ONLY_ACTIVE_ARCH = YES;
				SDKROOT = iphoneos;
				SWIFT_ACTIVE_COMPILATION_CONDITIONS = DEBUG;
				SWIFT_OPTIMIZATION_LEVEL = "-Onone";
			};
			name = Debug;
		};
		A3B8217626D693A7004A6594 /* Release */ = {
			isa = XCBuildConfiguration;
			buildSettings = {
				ALWAYS_SEARCH_USER_PATHS = NO;
				CLANG_ANALYZER_NONNULL = YES;
				CLANG_ANALYZER_NUMBER_OBJECT_CONVERSION = YES_AGGRESSIVE;
				CLANG_CXX_LANGUAGE_STANDARD = "gnu++14";
				CLANG_CXX_LIBRARY = "libc++";
				CLANG_ENABLE_MODULES = YES;
				CLANG_ENABLE_OBJC_ARC = YES;
				CLANG_ENABLE_OBJC_WEAK = YES;
				CLANG_WARN_BLOCK_CAPTURE_AUTORELEASING = YES;
				CLANG_WARN_BOOL_CONVERSION = YES;
				CLANG_WARN_COMMA = YES;
				CLANG_WARN_CONSTANT_CONVERSION = YES;
				CLANG_WARN_DEPRECATED_OBJC_IMPLEMENTATIONS = YES;
				CLANG_WARN_DIRECT_OBJC_ISA_USAGE = YES_ERROR;
				CLANG_WARN_DOCUMENTATION_COMMENTS = YES;
				CLANG_WARN_EMPTY_BODY = YES;
				CLANG_WARN_ENUM_CONVERSION = YES;
				CLANG_WARN_INFINITE_RECURSION = YES;
				CLANG_WARN_INT_CONVERSION = YES;
				CLANG_WARN_NON_LITERAL_NULL_CONVERSION = YES;
				CLANG_WARN_OBJC_IMPLICIT_RETAIN_SELF = YES;
				CLANG_WARN_OBJC_LITERAL_CONVERSION = YES;
				CLANG_WARN_OBJC_ROOT_CLASS = YES_ERROR;
				CLANG_WARN_QUOTED_INCLUDE_IN_FRAMEWORK_HEADER = YES;
				CLANG_WARN_RANGE_LOOP_ANALYSIS = YES;
				CLANG_WARN_STRICT_PROTOTYPES = YES;
				CLANG_WARN_SUSPICIOUS_MOVE = YES;
				CLANG_WARN_UNGUARDED_AVAILABILITY = YES_AGGRESSIVE;
				CLANG_WARN_UNREACHABLE_CODE = YES;
				CLANG_WARN__DUPLICATE_METHOD_MATCH = YES;
				COPY_PHASE_STRIP = NO;
				DEBUG_INFORMATION_FORMAT = "dwarf-with-dsym";
				ENABLE_NS_ASSERTIONS = NO;
				ENABLE_STRICT_OBJC_MSGSEND = YES;
				GCC_C_LANGUAGE_STANDARD = gnu11;
				GCC_NO_COMMON_BLOCKS = YES;
				GCC_WARN_64_TO_32_BIT_CONVERSION = YES;
				GCC_WARN_ABOUT_RETURN_TYPE = YES_ERROR;
				GCC_WARN_UNDECLARED_SELECTOR = YES;
				GCC_WARN_UNINITIALIZED_AUTOS = YES_AGGRESSIVE;
				GCC_WARN_UNUSED_FUNCTION = YES;
				GCC_WARN_UNUSED_VARIABLE = YES;
				IPHONEOS_DEPLOYMENT_TARGET = 14.5;
				MTL_ENABLE_DEBUG_INFO = NO;
				MTL_FAST_MATH = YES;
				SDKROOT = iphoneos;
				SWIFT_COMPILATION_MODE = wholemodule;
				SWIFT_OPTIMIZATION_LEVEL = "-O";
				VALIDATE_PRODUCT = YES;
			};
			name = Release;
		};
		A3B8217826D693A7004A6594 /* Debug */ = {
			isa = XCBuildConfiguration;
			buildSettings = {
				ASSETCATALOG_COMPILER_APPICON_NAME = AppIcon;
				ASSETCATALOG_COMPILER_GLOBAL_ACCENT_COLOR_NAME = AccentColor;
				CODE_SIGN_STYLE = Automatic;
				DEVELOPMENT_TEAM = 675SH673K8;
				INFOPLIST_FILE = Light/Info.plist;
				LD_RUNPATH_SEARCH_PATHS = (
					"$(inherited)",
					"@executable_path/Frameworks",
				);
				PRODUCT_BUNDLE_IDENTIFIER = com.braydenlemke.Light;
				PRODUCT_NAME = "$(TARGET_NAME)";
				SWIFT_VERSION = 5.0;
				TARGETED_DEVICE_FAMILY = "1,2";
			};
			name = Debug;
		};
		A3B8217926D693A7004A6594 /* Release */ = {
			isa = XCBuildConfiguration;
			buildSettings = {
				ASSETCATALOG_COMPILER_APPICON_NAME = AppIcon;
				ASSETCATALOG_COMPILER_GLOBAL_ACCENT_COLOR_NAME = AccentColor;
				CODE_SIGN_STYLE = Automatic;
				DEVELOPMENT_TEAM = 675SH673K8;
				INFOPLIST_FILE = Light/Info.plist;
				LD_RUNPATH_SEARCH_PATHS = (
					"$(inherited)",
					"@executable_path/Frameworks",
				);
				PRODUCT_BUNDLE_IDENTIFIER = com.braydenlemke.Light;
				PRODUCT_NAME = "$(TARGET_NAME)";
				SWIFT_VERSION = 5.0;
				TARGETED_DEVICE_FAMILY = "1,2";
			};
			name = Release;
		};
		A3B8217B26D693A7004A6594 /* Debug */ = {
			isa = XCBuildConfiguration;
			buildSettings = {
				ALWAYS_EMBED_SWIFT_STANDARD_LIBRARIES = YES;
				BUNDLE_LOADER = "$(TEST_HOST)";
				CODE_SIGN_STYLE = Automatic;
				DEVELOPMENT_TEAM = 675SH673K8;
				INFOPLIST_FILE = LightTests/Info.plist;
				IPHONEOS_DEPLOYMENT_TARGET = 14.5;
				LD_RUNPATH_SEARCH_PATHS = (
					"$(inherited)",
					"@executable_path/Frameworks",
					"@loader_path/Frameworks",
				);
				PRODUCT_BUNDLE_IDENTIFIER = com.braydenlemke.LightTests;
				PRODUCT_NAME = "$(TARGET_NAME)";
				SWIFT_VERSION = 5.0;
				TARGETED_DEVICE_FAMILY = "1,2";
				TEST_HOST = "$(BUILT_PRODUCTS_DIR)/Light.app/Light";
			};
			name = Debug;
		};
		A3B8217C26D693A7004A6594 /* Release */ = {
			isa = XCBuildConfiguration;
			buildSettings = {
				ALWAYS_EMBED_SWIFT_STANDARD_LIBRARIES = YES;
				BUNDLE_LOADER = "$(TEST_HOST)";
				CODE_SIGN_STYLE = Automatic;
				DEVELOPMENT_TEAM = 675SH673K8;
				INFOPLIST_FILE = LightTests/Info.plist;
				IPHONEOS_DEPLOYMENT_TARGET = 14.5;
				LD_RUNPATH_SEARCH_PATHS = (
					"$(inherited)",
					"@executable_path/Frameworks",
					"@loader_path/Frameworks",
				);
				PRODUCT_BUNDLE_IDENTIFIER = com.braydenlemke.LightTests;
				PRODUCT_NAME = "$(TARGET_NAME)";
				SWIFT_VERSION = 5.0;
				TARGETED_DEVICE_FAMILY = "1,2";
				TEST_HOST = "$(BUILT_PRODUCTS_DIR)/Light.app/Light";
			};
			name = Release;
		};
		A3B8217E26D693A7004A6594 /* Debug */ = {
			isa = XCBuildConfiguration;
			buildSettings = {
				ALWAYS_EMBED_SWIFT_STANDARD_LIBRARIES = YES;
				CODE_SIGN_STYLE = Automatic;
				DEVELOPMENT_TEAM = 675SH673K8;
				INFOPLIST_FILE = LightUITests/Info.plist;
				LD_RUNPATH_SEARCH_PATHS = (
					"$(inherited)",
					"@executable_path/Frameworks",
					"@loader_path/Frameworks",
				);
				PRODUCT_BUNDLE_IDENTIFIER = com.braydenlemke.LightUITests;
				PRODUCT_NAME = "$(TARGET_NAME)";
				SWIFT_VERSION = 5.0;
				TARGETED_DEVICE_FAMILY = "1,2";
				TEST_TARGET_NAME = Light;
			};
			name = Debug;
		};
		A3B8217F26D693A7004A6594 /* Release */ = {
			isa = XCBuildConfiguration;
			buildSettings = {
				ALWAYS_EMBED_SWIFT_STANDARD_LIBRARIES = YES;
				CODE_SIGN_STYLE = Automatic;
				DEVELOPMENT_TEAM = 675SH673K8;
				INFOPLIST_FILE = LightUITests/Info.plist;
				LD_RUNPATH_SEARCH_PATHS = (
					"$(inherited)",
					"@executable_path/Frameworks",
					"@loader_path/Frameworks",
				);
				PRODUCT_BUNDLE_IDENTIFIER = com.braydenlemke.LightUITests;
				PRODUCT_NAME = "$(TARGET_NAME)";
				SWIFT_VERSION = 5.0;
				TARGETED_DEVICE_FAMILY = "1,2";
				TEST_TARGET_NAME = Light;
			};
			name = Release;
		};
/* End XCBuildConfiguration section */

/* Begin XCConfigurationList section */
		A3B8214826D693A5004A6594 /* Build configuration list for PBXProject "Light" */ = {
			isa = XCConfigurationList;
			buildConfigurations = (
				A3B8217526D693A7004A6594 /* Debug */,
				A3B8217626D693A7004A6594 /* Release */,
			);
			defaultConfigurationIsVisible = 0;
			defaultConfigurationName = Release;
		};
		A3B8217726D693A7004A6594 /* Build configuration list for PBXNativeTarget "Light" */ = {
			isa = XCConfigurationList;
			buildConfigurations = (
				A3B8217826D693A7004A6594 /* Debug */,
				A3B8217926D693A7004A6594 /* Release */,
			);
			defaultConfigurationIsVisible = 0;
			defaultConfigurationName = Release;
		};
		A3B8217A26D693A7004A6594 /* Build configuration list for PBXNativeTarget "LightTests" */ = {
			isa = XCConfigurationList;
			buildConfigurations = (
				A3B8217B26D693A7004A6594 /* Debug */,
				A3B8217C26D693A7004A6594 /* Release */,
			);
			defaultConfigurationIsVisible = 0;
			defaultConfigurationName = Release;
		};
		A3B8217D26D693A7004A6594 /* Build configuration list for PBXNativeTarget "LightUITests" */ = {
			isa = XCConfigurationList;
			buildConfigurations = (
				A3B8217E26D693A7004A6594 /* Debug */,
				A3B8217F26D693A7004A6594 /* Release */,
			);
			defaultConfigurationIsVisible = 0;
			defaultConfigurationName = Release;
		};
/* End XCConfigurationList section */
	};
	rootObject = A3B8214526D693A5004A6594 /* Project object */;
}
